
Microsoft Visual Studio Solution File, Format Version 12.00
# Visual Studio Version 17
VisualStudioVersion = 17.0.31903.59
MinimumVisualStudioVersion = 10.0.40219.1
Project("{9A19103F-16F7-4668-BE54-9A1E7A4F7556}") = "DevSource", "build\DevSource.csproj", "{2CC986C0-7E7B-44FC-8B10-F1253B01D36D}"
EndProject
Project("{2150E333-8FDC-42A3-9474-1A3956D46DE8}") = "src", "src", "{A0A461D6-A6AF-4968-943D-E83E1C6106F6}"
EndProject
Project("{FAE04EC0-301F-11D3-BF4B-00C04F79EFBC}") = "DevSource.Stack.Core", "src\DevSource.Stack.Core\DevSource.Stack.Core.csproj", "{CF7A6E5A-A1DF-494B-9317-BB93BA21D9FC}"
EndProject
Project("{FAE04EC0-301F-11D3-BF4B-00C04F79EFBC}") = "DevSource.Stack.State.EF", "src\DevSource.Stack.State.EF\DevSource.Stack.State.EF.csproj", "{42F73DE5-68F1-4192-B28A-195323A19CF7}"
EndProject
Project("{FAE04EC0-301F-11D3-BF4B-00C04F79EFBC}") = "DevSource.Stack.Web", "src\DevSource.Stack.Web\DevSource.Stack.Web.csproj", "{C0C7715A-E7DE-4583-8289-027F72E8E3D2}"
EndProject
Global
	GlobalSection(SolutionConfigurationPlatforms) = preSolution
		Debug|Any CPU = Debug|Any CPU
		Release|Any CPU = Release|Any CPU
	EndGlobalSection
	GlobalSection(ProjectConfigurationPlatforms) = postSolution
		{2CC986C0-7E7B-44FC-8B10-F1253B01D36D}.Debug|Any CPU.ActiveCfg = Debug|Any CPU
		{2CC986C0-7E7B-44FC-8B10-F1253B01D36D}.Release|Any CPU.ActiveCfg = Release|Any CPU
		{CF7A6E5A-A1DF-494B-9317-BB93BA21D9FC}.Debug|Any CPU.ActiveCfg = Debug|Any CPU
		{CF7A6E5A-A1DF-494B-9317-BB93BA21D9FC}.Debug|Any CPU.Build.0 = Debug|Any CPU
		{CF7A6E5A-A1DF-494B-9317-BB93BA21D9FC}.Release|Any CPU.ActiveCfg = Release|Any CPU
		{CF7A6E5A-A1DF-494B-9317-BB93BA21D9FC}.Release|Any CPU.Build.0 = Release|Any CPU
		{42F73DE5-68F1-4192-B28A-195323A19CF7}.Debug|Any CPU.ActiveCfg = Debug|Any CPU
		{42F73DE5-68F1-4192-B28A-195323A19CF7}.Debug|Any CPU.Build.0 = Debug|Any CPU
		{42F73DE5-68F1-4192-B28A-195323A19CF7}.Release|Any CPU.ActiveCfg = Release|Any CPU
		{42F73DE5-68F1-4192-B28A-195323A19CF7}.Release|Any CPU.Build.0 = Release|Any CPU
		{C0C7715A-E7DE-4583-8289-027F72E8E3D2}.Debug|Any CPU.ActiveCfg = Debug|Any CPU
		{C0C7715A-E7DE-4583-8289-027F72E8E3D2}.Debug|Any CPU.Build.0 = Debug|Any CPU
		{C0C7715A-E7DE-4583-8289-027F72E8E3D2}.Release|Any CPU.ActiveCfg = Release|Any CPU
		{C0C7715A-E7DE-4583-8289-027F72E8E3D2}.Release|Any CPU.Build.0 = Release|Any CPU
	EndGlobalSection
	GlobalSection(SolutionProperties) = preSolution
		HideSolutionNode = FALSE
	EndGlobalSection
	GlobalSection(NestedProjects) = preSolution
		{CF7A6E5A-A1DF-494B-9317-BB93BA21D9FC} = {A0A461D6-A6AF-4968-943D-E83E1C6106F6}
		{42F73DE5-68F1-4192-B28A-195323A19CF7} = {A0A461D6-A6AF-4968-943D-E83E1C6106F6}
		{C0C7715A-E7DE-4583-8289-027F72E8E3D2} = {A0A461D6-A6AF-4968-943D-E83E1C6106F6}
	EndGlobalSection
EndGlobal
